<?xml version="1.0" encoding="utf-8"?>
<Project ToolsVersion="4.0" xmlns="http://schemas.microsoft.com/developer/msbuild/2003">
  <ItemGroup>
    <Filter Include="Source Files">
      <UniqueIdentifier>{4FC737F1-C7A5-4376-A066-2A32D752A2FF}</UniqueIdentifier>
      <Extensions>cpp;c;cc;cxx;c++;cppm;ixx;def;odl;idl;hpj;bat;asm;asmx</Extensions>
    </Filter>
    <Filter Include="Header Files">
      <UniqueIdentifier>{93995380-89BD-4b04-88EB-625FBE52EBFB}</UniqueIdentifier>
      <Extensions>h;hh;hpp;hxx;h++;hm;inl;inc;ipp;xsd</Extensions>
    </Filter>
    <Filter Include="Resource Files">
      <UniqueIdentifier>{67DA6AB6-F800-4c08-8B7A-83BB121AAD01}</UniqueIdentifier>
      <Extensions>rc;ico;cur;bmp;dlg;rc2;rct;bin;rgs;gif;jpg;jpeg;jpe;resx;tiff;tif;png;wav;mfcribbon-ms</Extensions>
    </Filter>
  </ItemGroup>
  <ItemGroup>
    <ClCompile Include="Sources\SquareProject\SquareProject.cpp">
      <Filter>Source Files</Filter>
    </ClCompile>
    <ClCompile Include="Sources\SquareProject\Game\GameCore.cpp">
      <Filter>Source Files</Filter>
    </ClCompile>
    <ClCompile Include="Sources\SquareProject\Game\MapGenerator.cpp">
      <Filter>Source Files</Filter>
    </ClCompile>
    <ClCompile Include="Sources\SquareProject\MapGen\AlternateRing.cpp">
      <Filter>Source Files</Filter>
    </ClCompile>
    <ClCompile Include="Sources\SquareProject\AI\Heuristics\ExponentialFalloff.cpp">
      <Filter>Source Files</Filter>
    </ClCompile>
    <ClCompile Include="Sources\SquareProject\AI\Base.cpp">
      <Filter>Source Files</Filter>
    </ClCompile>
    <ClCompile Include="Sources\Core\Threading\ThreadingUtils.cpp">
      <Filter>Source Files</Filter>
    </ClCompile>
    <ClCompile Include="Sources\Core\Threading\ThreadPool.cpp">
      <Filter>Source Files</Filter>
    </ClCompile>
    <ClCompile Include="Sources\Core\Dna.cpp">
      <Filter>Source Files</Filter>
    </ClCompile>
    <ClCompile Include="Sources\JsonIO\Data\JsonMap.cpp">
      <Filter>Source Files</Filter>
    </ClCompile>
    <ClCompile Include="Sources\JsonIO\Data\JsonText.cpp">
      <Filter>Source Files</Filter>
    </ClCompile>
    <ClCompile Include="Sources\JsonIO\Service\JsonInternal.cpp">
      <Filter>Source Files</Filter>
    </ClCompile>
    <ClCompile Include="Sources\JsonIO\Service\JsonReader.cpp">
      <Filter>Source Files</Filter>
    </ClCompile>
    <ClCompile Include="Sources\JsonIO\Service\JsonWriter.cpp">
      <Filter>Source Files</Filter>
    </ClCompile>
    <ClCompile Include="Sources\SquareProject\Game\GameSetup.cpp">
      <Filter>Source Files</Filter>
    </ClCompile>
    <ClCompile Include="Sources\Convolutional\Function\Collector.cpp">
      <Filter>Source Files</Filter>
    </ClCompile>
    <ClCompile Include="Sources\Convolutional\Function\Mapping.cpp">
      <Filter>Source Files</Filter>
    </ClCompile>
    <ClCompile Include="Sources\Convolutional\Params\Block.cpp">
      <Filter>Source Files</Filter>
    </ClCompile>
    <ClCompile Include="Sources\Convolutional\Params\Connection.cpp">
      <Filter>Source Files</Filter>
    </ClCompile>
    <ClCompile Include="Sources\Convolutional\Instance\BlockInstance.cpp">
      <Filter>Source Files</Filter>
    </ClCompile>
    <ClCompile Include="Sources\Convolutional\Instance\ConnectionInstance.cpp">
      <Filter>Source Files</Filter>
    </ClCompile>
    <ClCompile Include="Sources\Convolutional\Instance\NetworkInstance.cpp">
      <Filter>Source Files</Filter>
    </ClCompile>
    <ClCompile Include="Sources\Convolutional\Params\Network.cpp">
      <Filter>Source Files</Filter>
    </ClCompile>
    <ClCompile Include="Sources\SquareProject\Executables\RVNR_C2.cpp">
      <Filter>Source Files</Filter>
    </ClCompile>
    <ClCompile Include="Sources\Convolutional\Function\InitialValues.cpp">
      <Filter>Source Files</Filter>
    </ClCompile>
    <ClCompile Include="Sources\Core\MathTools.cpp">
      <Filter>Source Files</Filter>
    </ClCompile>
    <ClCompile Include="Sources\Convolutional\Function\ParamBounds.cpp">
      <Filter>Source Files</Filter>
    </ClCompile>
    <ClCompile Include="Sources\SquareProject\Tools\DataPoint.cpp">
      <Filter>Source Files</Filter>
    </ClCompile>
    <ClCompile Include="Sources\SquareProject\Tools\TrainingTask.cpp">
      <Filter>Source Files</Filter>
    </ClCompile>
    <ClCompile Include="Sources\SquareProject\Executables\SimpleTrainer.cpp">
      <Filter>Source Files</Filter>
    </ClCompile>
    <ClCompile Include="Sources\SquareProject\Tools\DnaLoader.cpp">
      <Filter>Source Files</Filter>
    </ClCompile>
    <ClCompile Include="Sources\SquareProject\Tools\DataSetLoader.cpp">
      <Filter>Source Files</Filter>
    </ClCompile>
    <ClCompile Include="Sources\SquareProject\Tools\ParamsLoader.cpp">
      <Filter>Source Files</Filter>
    </ClCompile>
  </ItemGroup>
  <ItemGroup>
    <ClInclude Include="Sources\SquareProject\Game\GameCore.h">
      <Filter>Header Files</Filter>
    </ClInclude>
    <ClInclude Include="Sources\SquareProject\StdH.h">
      <Filter>Header Files</Filter>
    </ClInclude>
    <ClInclude Include="Sources\SquareProject\Game\MapGenerator.h">
      <Filter>Header Files</Filter>
    </ClInclude>
    <ClInclude Include="Sources\SquareProject\MapGen\AlternateRing.h">
      <Filter>Header Files</Filter>
    </ClInclude>
    <ClInclude Include="Sources\SquareProject\AI\Heuristics\ExponentialFalloff.h">
      <Filter>Header Files</Filter>
    </ClInclude>
    <ClInclude Include="Sources\SquareProject\AI\Base.h">
      <Filter>Header Files</Filter>
    </ClInclude>
    <ClInclude Include="Sources\Core\Threading\ThreadInclude.h">
      <Filter>Header Files</Filter>
    </ClInclude>
    <ClInclude Include="Sources\Core\Threading\ThreadingUtils.h">
      <Filter>Header Files</Filter>
    </ClInclude>
    <ClInclude Include="Sources\Core\Threading\ThreadPool.h">
      <Filter>Header Files</Filter>
    </ClInclude>
    <ClInclude Include="Sources\Core\BuildFlags.h">
      <Filter>Header Files</Filter>
    </ClInclude>
    <ClInclude Include="Sources\Core\Dna.h">
      <Filter>Header Files</Filter>
    </ClInclude>
    <ClInclude Include="Sources\Core\DynamicArray.h">
      <Filter>Header Files</Filter>
    </ClInclude>
    <ClInclude Include="Sources\Core\MathTools.h">
      <Filter>Header Files</Filter>
    </ClInclude>
    <ClInclude Include="Sources\Core\StdH.h">
      <Filter>Header Files</Filter>
    </ClInclude>
    <ClInclude Include="Sources\JsonIO\Data\JsonMap.h">
      <Filter>Header Files</Filter>
    </ClInclude>
    <ClInclude Include="Sources\JsonIO\Data\JsonObject.h">
      <Filter>Header Files</Filter>
    </ClInclude>
    <ClInclude Include="Sources\JsonIO\Data\JsonText.h">
      <Filter>Header Files</Filter>
    </ClInclude>
    <ClInclude Include="Sources\JsonIO\Service\JsonInternal.h">
      <Filter>Header Files</Filter>
    </ClInclude>
    <ClInclude Include="Sources\JsonIO\Service\JsonReader.h">
      <Filter>Header Files</Filter>
    </ClInclude>
    <ClInclude Include="Sources\JsonIO\Service\JsonWriter.h">
      <Filter>Header Files</Filter>
    </ClInclude>
    <ClInclude Include="Sources\JsonIO\StdH.h">
      <Filter>Header Files</Filter>
    </ClInclude>
    <ClInclude Include="Sources\SquareProject\Game\GameSetup.h">
      <Filter>Header Files</Filter>
    </ClInclude>
    <ClInclude Include="Sources\Convolutional\StdH.h">
      <Filter>Header Files</Filter>
    </ClInclude>
    <ClInclude Include="Sources\Convolutional\Function\Collector.h">
      <Filter>Header Files</Filter>
    </ClInclude>
    <ClInclude Include="Sources\Convolutional\Function\Mapping.h">
      <Filter>Header Files</Filter>
    </ClInclude>
    <ClInclude Include="Sources\Convolutional\Params\Block.h">
      <Filter>Header Files</Filter>
    </ClInclude>
    <ClInclude Include="Sources\Convolutional\Params\Connection.h">
      <Filter>Header Files</Filter>
    </ClInclude>
    <ClInclude Include="Sources\Convolutional\Instance\BlockInstance.h">
      <Filter>Header Files</Filter>
    </ClInclude>
    <ClInclude Include="Sources\Convolutional\Instance\ConnectionInstance.h">
      <Filter>Header Files</Filter>
    </ClInclude>
    <ClInclude Include="Sources\Convolutional\Instance\NetworkInstance.h">
      <Filter>Header Files</Filter>
    </ClInclude>
    <ClInclude Include="Sources\Convolutional\Params\Network.h">
      <Filter>Header Files</Filter>
    </ClInclude>
    <ClInclude Include="Sources\SquareProject\Executables\RVNR_C2.h">
      <Filter>Header Files</Filter>
    </ClInclude>
    <ClInclude Include="Sources\Convolutional\Function\InitialValues.h">
      <Filter>Header Files</Filter>
    </ClInclude>
    <ClInclude Include="Sources\Convolutional\Function\ParamBounds.h">
      <Filter>Header Files</Filter>
    </ClInclude>
    <ClInclude Include="Sources\SquareProject\Tools\DataPoint.h">
      <Filter>Header Files</Filter>
    </ClInclude>
    <ClInclude Include="Sources\SquareProject\Tools\TrainingTask.h">
      <Filter>Header Files</Filter>
    </ClInclude>
    <ClInclude Include="Sources\SquareProject\Executables\SimpleTrainer.h">
      <Filter>Header Files</Filter>
    </ClInclude>
    <ClInclude Include="Sources\SquareProject\Tools\DnaLoader.h">
      <Filter>Header Files</Filter>
    </ClInclude>
    <ClInclude Include="Sources\SquareProject\Tools\DataSetLoader.h">
      <Filter>Header Files</Filter>
    </ClInclude>
    <ClInclude Include="Sources\SquareProject\Tools\ParamsLoader.h">
      <Filter>Header Files</Filter>
    </ClInclude>
  </ItemGroup>
</Project>